
Microsoft Visual Studio Solution File, Format Version 12.00
# Visual Studio 15
VisualStudioVersion = 15.0.26403.7
MinimumVisualStudioVersion = 10.0.40219.1
Project("{2150E333-8FDC-42A3-9474-1A3956D46DE8}") = "src", "src", "{FB09B9EF-218A-4423-9237-CA3CF7C12B15}"
EndProject
Project("{2150E333-8FDC-42A3-9474-1A3956D46DE8}") = "Solution Items", "Solution Items", "{ECF17866-225D-476F-BE62-C322B639B06D}"
EndProject
Project("{9A19103F-16F7-4668-BE54-9A1E7A4F7556}") = "Foundation.Net.Core", "src\Foundation.Net.Core\Foundation.Net.Core.csproj", "{270AD6E9-BD7E-4850-8138-3892B58309CA}"
EndProject
Project("{2150E333-8FDC-42A3-9474-1A3956D46DE8}") = "test", "test", "{5EBAF8E5-D30C-4ACB-8E0B-B3721EE53593}"
EndProject
Project("{FAE04EC0-301F-11D3-BF4B-00C04F79EFBC}") = "Foundation.Net.Core.Test", "Foundation.Net.Core.Test\Foundation.Net.Core.Test.csproj", "{CABBAAC4-9286-4329-AC6D-640746D0D8A9}"
EndProject
Global
	GlobalSection(SolutionConfigurationPlatforms) = preSolution
		Debug|Any CPU = Debug|Any CPU
		Release|Any CPU = Release|Any CPU
	EndGlobalSection
	GlobalSection(ProjectConfigurationPlatforms) = postSolution
		{270AD6E9-BD7E-4850-8138-3892B58309CA}.Debug|Any CPU.ActiveCfg = Debug|Any CPU
		{270AD6E9-BD7E-4850-8138-3892B58309CA}.Debug|Any CPU.Build.0 = Debug|Any CPU
		{270AD6E9-BD7E-4850-8138-3892B58309CA}.Release|Any CPU.ActiveCfg = Release|Any CPU
		{270AD6E9-BD7E-4850-8138-3892B58309CA}.Release|Any CPU.Build.0 = Release|Any CPU
		{CABBAAC4-9286-4329-AC6D-640746D0D8A9}.Debug|Any CPU.ActiveCfg = Debug|Any CPU
		{CABBAAC4-9286-4329-AC6D-640746D0D8A9}.Debug|Any CPU.Build.0 = Debug|Any CPU
		{CABBAAC4-9286-4329-AC6D-640746D0D8A9}.Release|Any CPU.ActiveCfg = Release|Any CPU
		{CABBAAC4-9286-4329-AC6D-640746D0D8A9}.Release|Any CPU.Build.0 = Release|Any CPU
	EndGlobalSection
	GlobalSection(SolutionProperties) = preSolution
		HideSolutionNode = FALSE
	EndGlobalSection
	GlobalSection(NestedProjects) = preSolution
		{270AD6E9-BD7E-4850-8138-3892B58309CA} = {FB09B9EF-218A-4423-9237-CA3CF7C12B15}
		{CABBAAC4-9286-4329-AC6D-640746D0D8A9} = {5EBAF8E5-D30C-4ACB-8E0B-B3721EE53593}
	EndGlobalSection
EndGlobal
